// !$*UTF8*$!
{
	archiveVersion = 1;
	classes = {
	};
	objectVersion = 46;
	objects = {

/* Begin PBXBuildFile section */
		6554D4097981621C5CBDE23F /* Pods_soccer5.framework in Frameworks */ = {isa = PBXBuildFile; fileRef = ECEBBC02D51218039D346810 /* Pods_soccer5.framework */; };
		90F1AB057E8E9CB96BB35478 /* Pods_soccer5Tests.framework in Frameworks */ = {isa = PBXBuildFile; fileRef = E944D2D01A70D82315D4D3A7 /* Pods_soccer5Tests.framework */; };
		9E0E9B4D1CD29BB500F1F22D /* SoccerLocationsViewController.swift in Sources */ = {isa = PBXBuildFile; fileRef = 9E0E9B4C1CD29BB500F1F22D /* SoccerLocationsViewController.swift */; };
		9E0E9B4F1CD2A05700F1F22D /* SoccerLocationTableViewCell.swift in Sources */ = {isa = PBXBuildFile; fileRef = 9E0E9B4E1CD2A05700F1F22D /* SoccerLocationTableViewCell.swift */; };
		9E0E9B6F1CD8157700F1F22D /* MenuListTableViewCell.swift in Sources */ = {isa = PBXBuildFile; fileRef = 9E0E9B6E1CD8157700F1F22D /* MenuListTableViewCell.swift */; };
		9E0E9B711CD81D4C00F1F22D /* UserProfileTableViewCell.swift in Sources */ = {isa = PBXBuildFile; fileRef = 9E0E9B701CD81D4C00F1F22D /* UserProfileTableViewCell.swift */; };
		9E0E9B731CD820AA00F1F22D /* Extentions.swift in Sources */ = {isa = PBXBuildFile; fileRef = 9E0E9B721CD820AA00F1F22D /* Extentions.swift */; };
		9E2BEC341CF7822E0031D0E3 /* MessageCenterViewController.swift in Sources */ = {isa = PBXBuildFile; fileRef = 9E2BEC331CF7822E0031D0E3 /* MessageCenterViewController.swift */; };
		9E2BEC771CF7BF7F0031D0E3 /* MyFriendsTableViewCell.swift in Sources */ = {isa = PBXBuildFile; fileRef = 9E2BEC761CF7BF7F0031D0E3 /* MyFriendsTableViewCell.swift */; };
		9E3534AB1CEF87980098B0FF /* gamePlayerTableViewCell.swift in Sources */ = {isa = PBXBuildFile; fileRef = 9E3534AA1CEF87980098B0FF /* gamePlayerTableViewCell.swift */; };
		9E3534B41CEF937B0098B0FF /* FieldCollectionViewCell.swift in Sources */ = {isa = PBXBuildFile; fileRef = 9E3534B31CEF937B0098B0FF /* FieldCollectionViewCell.swift */; };
		9E39DC2E1CEFACEE007D7824 /* globals.swift in Sources */ = {isa = PBXBuildFile; fileRef = 9E39DC2D1CEFACEE007D7824 /* globals.swift */; };
		9E39DC301CF39411007D7824 /* CustomFieldLayout.swift in Sources */ = {isa = PBXBuildFile; fileRef = 9E39DC2F1CF39411007D7824 /* CustomFieldLayout.swift */; };
		9E465AA41CF5FEDE001DCA62 /* Main.storyboard in Resources */ = {isa = PBXBuildFile; fileRef = 9E465AA31CF5FEDE001DCA62 /* Main.storyboard */; };
		9E465ABC1CF607E7001DCA62 /* MessageCenterNavigationController.swift in Sources */ = {isa = PBXBuildFile; fileRef = 9E465ABB1CF607E7001DCA62 /* MessageCenterNavigationController.swift */; };
		9E465AC11CF60D8D001DCA62 /* ChatRoomViewController.swift in Sources */ = {isa = PBXBuildFile; fileRef = 9E465AC01CF60D8D001DCA62 /* ChatRoomViewController.swift */; };
		9E465AC31CF60F2C001DCA62 /* GoogleService-Info.plist in Resources */ = {isa = PBXBuildFile; fileRef = 9E465AC21CF60F2C001DCA62 /* GoogleService-Info.plist */; };
		9E465ADE1CF64479001DCA62 /* ChatMessageTableViewCell.swift in Sources */ = {isa = PBXBuildFile; fileRef = 9E465ADD1CF64479001DCA62 /* ChatMessageTableViewCell.swift */; };
		9E465AE01CF653F1001DCA62 /* ConversationPreviewTableViewCell.swift in Sources */ = {isa = PBXBuildFile; fileRef = 9E465ADF1CF653F1001DCA62 /* ConversationPreviewTableViewCell.swift */; };
		9E5344461CDBC27D00D4CB88 /* ProfileViewController.swift in Sources */ = {isa = PBXBuildFile; fileRef = 9E5344451CDBC27C00D4CB88 /* ProfileViewController.swift */; };
		9E54F2201CFCCBC9006BCE97 /* Firebase.swift in Sources */ = {isa = PBXBuildFile; fileRef = 9E54F21F1CFCCBC9006BCE97 /* Firebase.swift */; };
		9E72E7971CDA71AB001C6D29 /* PersonalInfoTableViewCell.swift in Sources */ = {isa = PBXBuildFile; fileRef = 9E72E7961CDA71AB001C6D29 /* PersonalInfoTableViewCell.swift */; };
		9E72E7991CDA71C3001C6D29 /* AdditionalSettingsTableViewCell.swift in Sources */ = {isa = PBXBuildFile; fileRef = 9E72E7981CDA71C3001C6D29 /* AdditionalSettingsTableViewCell.swift */; };
		9E9862C61CA989860075B016 /* FacebookLoginHelper.swift in Sources */ = {isa = PBXBuildFile; fileRef = 9E9862C51CA989860075B016 /* FacebookLoginHelper.swift */; };
		9E9862C81CA989AD0075B016 /* FacebookSharingHelper.swift in Sources */ = {isa = PBXBuildFile; fileRef = 9E9862C71CA989AD0075B016 /* FacebookSharingHelper.swift */; };
		9E9862CA1CA989D10075B016 /* UserDefault.swift in Sources */ = {isa = PBXBuildFile; fileRef = 9E9862C91CA989D10075B016 /* UserDefault.swift */; };
		9E9862CD1CA98AA40075B016 /* LoginViewController.swift in Sources */ = {isa = PBXBuildFile; fileRef = 9E9862CC1CA98AA40075B016 /* LoginViewController.swift */; };
		9E9862D01CA99E530075B016 /* FacebookFriend.swift in Sources */ = {isa = PBXBuildFile; fileRef = 9E9862CF1CA99E520075B016 /* FacebookFriend.swift */; };
		9E9862D21CA99E870075B016 /* UserInfo.swift in Sources */ = {isa = PBXBuildFile; fileRef = 9E9862D11CA99E870075B016 /* UserInfo.swift */; };
		9E9862D51CA9A4530075B016 /* RegisterViewController.swift in Sources */ = {isa = PBXBuildFile; fileRef = 9E9862D41CA9A4530075B016 /* RegisterViewController.swift */; };
		9EB549AC1CE11F2A0067D461 /* UpcomingGamesViewController.swift in Sources */ = {isa = PBXBuildFile; fileRef = 9EB549AB1CE11F2A0067D461 /* UpcomingGamesViewController.swift */; };
		9EB549AE1CE11F750067D461 /* GameTableViewCell.swift in Sources */ = {isa = PBXBuildFile; fileRef = 9EB549AD1CE11F750067D461 /* GameTableViewCell.swift */; };
		9EB549B11CE125150067D461 /* GameDetailsViewController.swift in Sources */ = {isa = PBXBuildFile; fileRef = 9EB549B01CE125150067D461 /* GameDetailsViewController.swift */; };
		9EB549B31CE1275B0067D461 /* GameDetailTableViewCell.swift in Sources */ = {isa = PBXBuildFile; fileRef = 9EB549B21CE1275B0067D461 /* GameDetailTableViewCell.swift */; };
		9EB549B51CE12ED20067D461 /* PlayerCollectionViewCell.swift in Sources */ = {isa = PBXBuildFile; fileRef = 9EB549B41CE12ED20067D461 /* PlayerCollectionViewCell.swift */; };
		9EB549B81CE137D00067D461 /* GameModificationsViewController.swift in Sources */ = {isa = PBXBuildFile; fileRef = 9EB549B71CE137D00067D461 /* GameModificationsViewController.swift */; };
		9EB549BA1CE1384B0067D461 /* ChangeDetailTableViewCell.swift in Sources */ = {isa = PBXBuildFile; fileRef = 9EB549B91CE1384B0067D461 /* ChangeDetailTableViewCell.swift */; };
		9EB549BD1CE13A710067D461 /* NotificationsViewController.swift in Sources */ = {isa = PBXBuildFile; fileRef = 9EB549BC1CE13A710067D461 /* NotificationsViewController.swift */; };
		9EB549BF1CE13B110067D461 /* NotificationTableViewCell.swift in Sources */ = {isa = PBXBuildFile; fileRef = 9EB549BE1CE13B110067D461 /* NotificationTableViewCell.swift */; };
		9ECC248E1CA46A3C00E68315 /* AppDelegate.swift in Sources */ = {isa = PBXBuildFile; fileRef = 9ECC248D1CA46A3C00E68315 /* AppDelegate.swift */; };
		9ECC24961CA46A3C00E68315 /* soccer5.xcdatamodeld in Sources */ = {isa = PBXBuildFile; fileRef = 9ECC24941CA46A3C00E68315 /* soccer5.xcdatamodeld */; };
		9ECC24981CA46A3C00E68315 /* Assets.xcassets in Resources */ = {isa = PBXBuildFile; fileRef = 9ECC24971CA46A3C00E68315 /* Assets.xcassets */; };
		9ECC249B1CA46A3C00E68315 /* LaunchScreen.storyboard in Resources */ = {isa = PBXBuildFile; fileRef = 9ECC24991CA46A3C00E68315 /* LaunchScreen.storyboard */; };
		9ECC24A61CA46A3D00E68315 /* soccer5Tests.swift in Sources */ = {isa = PBXBuildFile; fileRef = 9ECC24A51CA46A3D00E68315 /* soccer5Tests.swift */; };
		9EE74D391CEE2E7B00F90DF9 /* SWRevealViewController.m in Sources */ = {isa = PBXBuildFile; fileRef = 9EE74D381CEE2E7B00F90DF9 /* SWRevealViewController.m */; };
		9EE74D3B1CEE347500F90DF9 /* Location.swift in Sources */ = {isa = PBXBuildFile; fileRef = 9EE74D3A1CEE347500F90DF9 /* Location.swift */; };
		9EE74D3D1CEE39C500F90DF9 /* WSRegisterUser.swift in Sources */ = {isa = PBXBuildFile; fileRef = 9EE74D3C1CEE39C500F90DF9 /* WSRegisterUser.swift */; };
		9EE74D3F1CEE39D300F90DF9 /* WebService.swift in Sources */ = {isa = PBXBuildFile; fileRef = 9EE74D3E1CEE39D300F90DF9 /* WebService.swift */; };
		9EE74D441CEE53FB00F90DF9 /* GameViewController.swift in Sources */ = {isa = PBXBuildFile; fileRef = 9EE74D431CEE53FB00F90DF9 /* GameViewController.swift */; };
		9EE74D471CEE6AAC00F90DF9 /* BaseNavigationController.swift in Sources */ = {isa = PBXBuildFile; fileRef = 9EE74D461CEE6AAC00F90DF9 /* BaseNavigationController.swift */; };
		9EE74D491CEE6ABE00F90DF9 /* GameNavigationController.swift in Sources */ = {isa = PBXBuildFile; fileRef = 9EE74D481CEE6ABE00F90DF9 /* GameNavigationController.swift */; };
		9EFB2A751CD0079300078467 /* MainReservationViewController.swift in Sources */ = {isa = PBXBuildFile; fileRef = 9EFB2A741CD0079200078467 /* MainReservationViewController.swift */; };
		9EFCE4341CD158DA00B9ACC1 /* Reservation.swift in Sources */ = {isa = PBXBuildFile; fileRef = 9EFCE4331CD158D900B9ACC1 /* Reservation.swift */; };
		ACF828E41CF3BE4600BC75BD /* AKPickerView-Swift in Resources */ = {isa = PBXBuildFile; fileRef = ACF828E31CF3BE4600BC75BD /* AKPickerView-Swift */; };
		ACF829861CF3C1C200BC75BD /* MyFriendsViewController.swift in Sources */ = {isa = PBXBuildFile; fileRef = ACF829851CF3C1C200BC75BD /* MyFriendsViewController.swift */; };
		ACF8298A1CF3C29D00BC75BD /* UserMenuTableViewController.swift in Sources */ = {isa = PBXBuildFile; fileRef = ACF829891CF3C29D00BC75BD /* UserMenuTableViewController.swift */; };
/* End PBXBuildFile section */

/* Begin PBXContainerItemProxy section */
		9EC56CCE1CF778F0002FF335 /* PBXContainerItemProxy */ = {
			isa = PBXContainerItemProxy;
			containerPortal = ACF828E51CF3BF2100BC75BD /* Pods.xcodeproj */;
			proxyType = 2;
			remoteGlobalIDString = 4FAA8510DB39AA3A66E4E362D04FC48A;
			remoteInfo = "Pods-soccer5Tests";
		};
		9ECC24A21CA46A3D00E68315 /* PBXContainerItemProxy */ = {
			isa = PBXContainerItemProxy;
			containerPortal = 9ECC24821CA46A3B00E68315 /* Project object */;
			proxyType = 1;
			remoteGlobalIDString = 9ECC24891CA46A3B00E68315;
			remoteInfo = soccer5;
		};
		9EFA3FEC1CF5024200B39E95 /* PBXContainerItemProxy */ = {
			isa = PBXContainerItemProxy;
			containerPortal = ACF828E51CF3BF2100BC75BD /* Pods.xcodeproj */;
			proxyType = 2;
			remoteGlobalIDString = F72BAE8CCC89B6A07F7B2AF3E2B83E25;
			remoteInfo = "AKPickerView-Swift";
		};
		9EFA3FEE1CF5024200B39E95 /* PBXContainerItemProxy */ = {
			isa = PBXContainerItemProxy;
			containerPortal = ACF828E51CF3BF2100BC75BD /* Pods.xcodeproj */;
			proxyType = 2;
			remoteGlobalIDString = E5111CF6E18F44E56CF7831F84B37F6C;
			remoteInfo = Alamofire;
		};
		9EFA3FF01CF5024200B39E95 /* PBXContainerItemProxy */ = {
			isa = PBXContainerItemProxy;
			containerPortal = ACF828E51CF3BF2100BC75BD /* Pods.xcodeproj */;
			proxyType = 2;
			remoteGlobalIDString = 8041C0D13418ADFB6DFAB7A2D4391BE4;
			remoteInfo = AlamofireImage;
		};
		9EFA3FF21CF5024200B39E95 /* PBXContainerItemProxy */ = {
			isa = PBXContainerItemProxy;
			containerPortal = ACF828E51CF3BF2100BC75BD /* Pods.xcodeproj */;
			proxyType = 2;
			remoteGlobalIDString = B3B26505CC8D6972F63A79BBE72CF19F;
			remoteInfo = AWSCognito;
		};
		9EFA3FF41CF5024200B39E95 /* PBXContainerItemProxy */ = {
			isa = PBXContainerItemProxy;
			containerPortal = ACF828E51CF3BF2100BC75BD /* Pods.xcodeproj */;
			proxyType = 2;
			remoteGlobalIDString = 8012F063FB350E75AB72775AA9139D6B;
			remoteInfo = AWSCore;
		};
		9EFA3FF61CF5024200B39E95 /* PBXContainerItemProxy */ = {
			isa = PBXContainerItemProxy;
			containerPortal = ACF828E51CF3BF2100BC75BD /* Pods.xcodeproj */;
			proxyType = 2;
			remoteGlobalIDString = F76F97BA806F5881202288589A4D2ABF;
			remoteInfo = AWSS3;
		};
		9EFA3FF81CF5024200B39E95 /* PBXContainerItemProxy */ = {
			isa = PBXContainerItemProxy;
			containerPortal = ACF828E51CF3BF2100BC75BD /* Pods.xcodeproj */;
			proxyType = 2;
			remoteGlobalIDString = 6FF60E8B42B40CF54F9325D8EF840A99;
			remoteInfo = Bolts;
		};
		9EFA3FFA1CF5024200B39E95 /* PBXContainerItemProxy */ = {
			isa = PBXContainerItemProxy;
			containerPortal = ACF828E51CF3BF2100BC75BD /* Pods.xcodeproj */;
			proxyType = 2;
			remoteGlobalIDString = 01A35AECD026DFD22C8F77B3BC341DA4;
			remoteInfo = ElasticTransition;
		};
		9EFA3FFC1CF5024200B39E95 /* PBXContainerItemProxy */ = {
			isa = PBXContainerItemProxy;
			containerPortal = ACF828E51CF3BF2100BC75BD /* Pods.xcodeproj */;
			proxyType = 2;
			remoteGlobalIDString = 4424136FD6B425E79BDF36131E0F569F;
			remoteInfo = ENSwiftSideMenu;
		};
		9EFA3FFE1CF5024200B39E95 /* PBXContainerItemProxy */ = {
			isa = PBXContainerItemProxy;
			containerPortal = ACF828E51CF3BF2100BC75BD /* Pods.xcodeproj */;
			proxyType = 2;
			remoteGlobalIDString = 76E7E8D5F8A86250638F320CA5C6FB3B;
			remoteInfo = FBSDKCoreKit;
		};
		9EFA40001CF5024200B39E95 /* PBXContainerItemProxy */ = {
			isa = PBXContainerItemProxy;
			containerPortal = ACF828E51CF3BF2100BC75BD /* Pods.xcodeproj */;
			proxyType = 2;
			remoteGlobalIDString = 836D669921C92A1566848226D891D395;
			remoteInfo = FBSDKLoginKit;
		};
		9EFA40021CF5024200B39E95 /* PBXContainerItemProxy */ = {
			isa = PBXContainerItemProxy;
			containerPortal = ACF828E51CF3BF2100BC75BD /* Pods.xcodeproj */;
			proxyType = 2;
			remoteGlobalIDString = 559050F084587B51390A231C0011961E;
			remoteInfo = FBSDKShareKit;
		};
		9EFA40061CF5024200B39E95 /* PBXContainerItemProxy */ = {
			isa = PBXContainerItemProxy;
			containerPortal = ACF828E51CF3BF2100BC75BD /* Pods.xcodeproj */;
			proxyType = 2;
			remoteGlobalIDString = A1BE864882F2567D1FED5D18F2399ED0;
			remoteInfo = IQKeyboardManagerSwift;
		};
		9EFA40081CF5024200B39E95 /* PBXContainerItemProxy */ = {
			isa = PBXContainerItemProxy;
			containerPortal = ACF828E51CF3BF2100BC75BD /* Pods.xcodeproj */;
			proxyType = 2;
			remoteGlobalIDString = F0BC1038915575BE72F52DD4082498B2;
			remoteInfo = Kingfisher;
		};
		9EFA400A1CF5024200B39E95 /* PBXContainerItemProxy */ = {
			isa = PBXContainerItemProxy;
			containerPortal = ACF828E51CF3BF2100BC75BD /* Pods.xcodeproj */;
			proxyType = 2;
			remoteGlobalIDString = 82B8CC419AD3BE2D755F5A9A7A0A8C0C;
			remoteInfo = KNSemiModalViewController_hons82;
		};
		9EFA400C1CF5024200B39E95 /* PBXContainerItemProxy */ = {
			isa = PBXContainerItemProxy;
			containerPortal = ACF828E51CF3BF2100BC75BD /* Pods.xcodeproj */;
			proxyType = 2;
			remoteGlobalIDString = F3ECD57050DABA6F842B2B2DE82501A8;
			remoteInfo = MotionAnimation;
		};
		9EFA400E1CF5024200B39E95 /* PBXContainerItemProxy */ = {
			isa = PBXContainerItemProxy;
			containerPortal = ACF828E51CF3BF2100BC75BD /* Pods.xcodeproj */;
			proxyType = 2;
			remoteGlobalIDString = F88604F7B371178B8AD8629CDC5F3121;
			remoteInfo = "Pods-soccer5";
		};
		9EFA40101CF5024200B39E95 /* PBXContainerItemProxy */ = {
			isa = PBXContainerItemProxy;
			containerPortal = ACF828E51CF3BF2100BC75BD /* Pods.xcodeproj */;
			proxyType = 2;
			remoteGlobalIDString = 57511225CF7FD8B4D1805BD5D4EEF8BB;
			remoteInfo = SwiftyJSON;
		};
		9EFA40121CF5024200B39E95 /* PBXContainerItemProxy */ = {
			isa = PBXContainerItemProxy;
			containerPortal = ACF828E51CF3BF2100BC75BD /* Pods.xcodeproj */;
			proxyType = 2;
			remoteGlobalIDString = 75A2C6E2EC43518EBEC52941D4072BA3;
			remoteInfo = THCalendarDatePicker;
		};
/* End PBXContainerItemProxy section */

/* Begin PBXFileReference section */
		253F204B6DEF24DA61FA0183 /* Pods-soccer5.debug.xcconfig */ = {isa = PBXFileReference; includeInIndex = 1; lastKnownFileType = text.xcconfig; name = "Pods-soccer5.debug.xcconfig"; path = "Pods/Target Support Files/Pods-soccer5/Pods-soccer5.debug.xcconfig"; sourceTree = "<group>"; };
		59829A79586153E8E8043967 /* Pods-soccer5Tests.release.xcconfig */ = {isa = PBXFileReference; includeInIndex = 1; lastKnownFileType = text.xcconfig; name = "Pods-soccer5Tests.release.xcconfig"; path = "Pods/Target Support Files/Pods-soccer5Tests/Pods-soccer5Tests.release.xcconfig"; sourceTree = "<group>"; };
		9BAA4D8510D64AC8A19ED967 /* Pods-soccer5Tests.debug.xcconfig */ = {isa = PBXFileReference; includeInIndex = 1; lastKnownFileType = text.xcconfig; name = "Pods-soccer5Tests.debug.xcconfig"; path = "Pods/Target Support Files/Pods-soccer5Tests/Pods-soccer5Tests.debug.xcconfig"; sourceTree = "<group>"; };
		9E0E9B4C1CD29BB500F1F22D /* SoccerLocationsViewController.swift */ = {isa = PBXFileReference; fileEncoding = 4; lastKnownFileType = sourcecode.swift; path = SoccerLocationsViewController.swift; sourceTree = "<group>"; };
		9E0E9B4E1CD2A05700F1F22D /* SoccerLocationTableViewCell.swift */ = {isa = PBXFileReference; fileEncoding = 4; lastKnownFileType = sourcecode.swift; path = SoccerLocationTableViewCell.swift; sourceTree = "<group>"; };
		9E0E9B6E1CD8157700F1F22D /* MenuListTableViewCell.swift */ = {isa = PBXFileReference; fileEncoding = 4; lastKnownFileType = sourcecode.swift; path = MenuListTableViewCell.swift; sourceTree = "<group>"; };
		9E0E9B701CD81D4C00F1F22D /* UserProfileTableViewCell.swift */ = {isa = PBXFileReference; fileEncoding = 4; lastKnownFileType = sourcecode.swift; path = UserProfileTableViewCell.swift; sourceTree = "<group>"; };
		9E0E9B721CD820AA00F1F22D /* Extentions.swift */ = {isa = PBXFileReference; fileEncoding = 4; lastKnownFileType = sourcecode.swift; path = Extentions.swift; sourceTree = "<group>"; };
		9E0E9B751CD901CE00F1F22D /* soccer5-Bridging-Header.h */ = {isa = PBXFileReference; lastKnownFileType = sourcecode.c.h; path = "soccer5-Bridging-Header.h"; sourceTree = "<group>"; };
		9E2BEC331CF7822E0031D0E3 /* MessageCenterViewController.swift */ = {isa = PBXFileReference; fileEncoding = 4; lastKnownFileType = sourcecode.swift; path = MessageCenterViewController.swift; sourceTree = "<group>"; };
		9E2BEC761CF7BF7F0031D0E3 /* MyFriendsTableViewCell.swift */ = {isa = PBXFileReference; fileEncoding = 4; lastKnownFileType = sourcecode.swift; path = MyFriendsTableViewCell.swift; sourceTree = "<group>"; };
		9E3534AA1CEF87980098B0FF /* gamePlayerTableViewCell.swift */ = {isa = PBXFileReference; fileEncoding = 4; lastKnownFileType = sourcecode.swift; path = gamePlayerTableViewCell.swift; sourceTree = "<group>"; };
		9E3534B31CEF937B0098B0FF /* FieldCollectionViewCell.swift */ = {isa = PBXFileReference; fileEncoding = 4; lastKnownFileType = sourcecode.swift; path = FieldCollectionViewCell.swift; sourceTree = "<group>"; };
		9E39DC2D1CEFACEE007D7824 /* globals.swift */ = {isa = PBXFileReference; fileEncoding = 4; lastKnownFileType = sourcecode.swift; path = globals.swift; sourceTree = "<group>"; };
		9E39DC2F1CF39411007D7824 /* CustomFieldLayout.swift */ = {isa = PBXFileReference; fileEncoding = 4; lastKnownFileType = sourcecode.swift; path = CustomFieldLayout.swift; sourceTree = "<group>"; };
		9E465AA31CF5FEDE001DCA62 /* Main.storyboard */ = {isa = PBXFileReference; fileEncoding = 4; lastKnownFileType = file.storyboard; path = Main.storyboard; sourceTree = "<group>"; };
		9E465ABB1CF607E7001DCA62 /* MessageCenterNavigationController.swift */ = {isa = PBXFileReference; fileEncoding = 4; lastKnownFileType = sourcecode.swift; path = MessageCenterNavigationController.swift; sourceTree = "<group>"; };
		9E465AC01CF60D8D001DCA62 /* ChatRoomViewController.swift */ = {isa = PBXFileReference; fileEncoding = 4; lastKnownFileType = sourcecode.swift; path = ChatRoomViewController.swift; sourceTree = "<group>"; };
		9E465AC21CF60F2C001DCA62 /* GoogleService-Info.plist */ = {isa = PBXFileReference; fileEncoding = 4; lastKnownFileType = text.plist.xml; path = "GoogleService-Info.plist"; sourceTree = "<group>"; };
		9E465ADD1CF64479001DCA62 /* ChatMessageTableViewCell.swift */ = {isa = PBXFileReference; fileEncoding = 4; lastKnownFileType = sourcecode.swift; path = ChatMessageTableViewCell.swift; sourceTree = "<group>"; };
		9E465ADF1CF653F1001DCA62 /* ConversationPreviewTableViewCell.swift */ = {isa = PBXFileReference; fileEncoding = 4; lastKnownFileType = sourcecode.swift; path = ConversationPreviewTableViewCell.swift; sourceTree = "<group>"; };
		9E5344451CDBC27C00D4CB88 /* ProfileViewController.swift */ = {isa = PBXFileReference; fileEncoding = 4; lastKnownFileType = sourcecode.swift; path = ProfileViewController.swift; sourceTree = "<group>"; };
		9E54F21F1CFCCBC9006BCE97 /* Firebase.swift */ = {isa = PBXFileReference; fileEncoding = 4; lastKnownFileType = sourcecode.swift; path = Firebase.swift; sourceTree = "<group>"; };
		9E72E7961CDA71AB001C6D29 /* PersonalInfoTableViewCell.swift */ = {isa = PBXFileReference; fileEncoding = 4; lastKnownFileType = sourcecode.swift; path = PersonalInfoTableViewCell.swift; sourceTree = "<group>"; };
		9E72E7981CDA71C3001C6D29 /* AdditionalSettingsTableViewCell.swift */ = {isa = PBXFileReference; fileEncoding = 4; lastKnownFileType = sourcecode.swift; path = AdditionalSettingsTableViewCell.swift; sourceTree = "<group>"; };
		9E9862C51CA989860075B016 /* FacebookLoginHelper.swift */ = {isa = PBXFileReference; fileEncoding = 4; lastKnownFileType = sourcecode.swift; path = FacebookLoginHelper.swift; sourceTree = "<group>"; };
		9E9862C71CA989AD0075B016 /* FacebookSharingHelper.swift */ = {isa = PBXFileReference; fileEncoding = 4; lastKnownFileType = sourcecode.swift; path = FacebookSharingHelper.swift; sourceTree = "<group>"; };
		9E9862C91CA989D10075B016 /* UserDefault.swift */ = {isa = PBXFileReference; fileEncoding = 4; lastKnownFileType = sourcecode.swift; path = UserDefault.swift; sourceTree = "<group>"; };
		9E9862CC1CA98AA40075B016 /* LoginViewController.swift */ = {isa = PBXFileReference; fileEncoding = 4; lastKnownFileType = sourcecode.swift; path = LoginViewController.swift; sourceTree = "<group>"; };
		9E9862CF1CA99E520075B016 /* FacebookFriend.swift */ = {isa = PBXFileReference; fileEncoding = 4; lastKnownFileType = sourcecode.swift; path = FacebookFriend.swift; sourceTree = "<group>"; };
		9E9862D11CA99E870075B016 /* UserInfo.swift */ = {isa = PBXFileReference; fileEncoding = 4; lastKnownFileType = sourcecode.swift; path = UserInfo.swift; sourceTree = "<group>"; };
		9E9862D41CA9A4530075B016 /* RegisterViewController.swift */ = {isa = PBXFileReference; fileEncoding = 4; lastKnownFileType = sourcecode.swift; path = RegisterViewController.swift; sourceTree = "<group>"; };
		9EB549AB1CE11F2A0067D461 /* UpcomingGamesViewController.swift */ = {isa = PBXFileReference; fileEncoding = 4; lastKnownFileType = sourcecode.swift; path = UpcomingGamesViewController.swift; sourceTree = "<group>"; };
		9EB549AD1CE11F750067D461 /* GameTableViewCell.swift */ = {isa = PBXFileReference; fileEncoding = 4; lastKnownFileType = sourcecode.swift; path = GameTableViewCell.swift; sourceTree = "<group>"; };
		9EB549B01CE125150067D461 /* GameDetailsViewController.swift */ = {isa = PBXFileReference; fileEncoding = 4; lastKnownFileType = sourcecode.swift; path = GameDetailsViewController.swift; sourceTree = "<group>"; };
		9EB549B21CE1275B0067D461 /* GameDetailTableViewCell.swift */ = {isa = PBXFileReference; fileEncoding = 4; lastKnownFileType = sourcecode.swift; path = GameDetailTableViewCell.swift; sourceTree = "<group>"; };
		9EB549B41CE12ED20067D461 /* PlayerCollectionViewCell.swift */ = {isa = PBXFileReference; fileEncoding = 4; lastKnownFileType = sourcecode.swift; path = PlayerCollectionViewCell.swift; sourceTree = "<group>"; };
		9EB549B71CE137D00067D461 /* GameModificationsViewController.swift */ = {isa = PBXFileReference; fileEncoding = 4; lastKnownFileType = sourcecode.swift; path = GameModificationsViewController.swift; sourceTree = "<group>"; };
		9EB549B91CE1384B0067D461 /* ChangeDetailTableViewCell.swift */ = {isa = PBXFileReference; fileEncoding = 4; lastKnownFileType = sourcecode.swift; path = ChangeDetailTableViewCell.swift; sourceTree = "<group>"; };
		9EB549BC1CE13A710067D461 /* NotificationsViewController.swift */ = {isa = PBXFileReference; fileEncoding = 4; lastKnownFileType = sourcecode.swift; path = NotificationsViewController.swift; sourceTree = "<group>"; };
		9EB549BE1CE13B110067D461 /* NotificationTableViewCell.swift */ = {isa = PBXFileReference; fileEncoding = 4; lastKnownFileType = sourcecode.swift; path = NotificationTableViewCell.swift; sourceTree = "<group>"; };
		9ECC248A1CA46A3C00E68315 /* soccer5.app */ = {isa = PBXFileReference; explicitFileType = wrapper.application; includeInIndex = 0; path = soccer5.app; sourceTree = BUILT_PRODUCTS_DIR; };
		9ECC248D1CA46A3C00E68315 /* AppDelegate.swift */ = {isa = PBXFileReference; lastKnownFileType = sourcecode.swift; path = AppDelegate.swift; sourceTree = "<group>"; };
		9ECC24951CA46A3C00E68315 /* soccer5.xcdatamodel */ = {isa = PBXFileReference; lastKnownFileType = wrapper.xcdatamodel; path = soccer5.xcdatamodel; sourceTree = "<group>"; };
		9ECC24971CA46A3C00E68315 /* Assets.xcassets */ = {isa = PBXFileReference; lastKnownFileType = folder.assetcatalog; path = Assets.xcassets; sourceTree = "<group>"; };
		9ECC249A1CA46A3C00E68315 /* Base */ = {isa = PBXFileReference; lastKnownFileType = file.storyboard; name = Base; path = Base.lproj/LaunchScreen.storyboard; sourceTree = "<group>"; };
		9ECC249C1CA46A3C00E68315 /* Info.plist */ = {isa = PBXFileReference; lastKnownFileType = text.plist.xml; path = Info.plist; sourceTree = "<group>"; };
		9ECC24A11CA46A3D00E68315 /* soccer5Tests.xctest */ = {isa = PBXFileReference; explicitFileType = wrapper.cfbundle; includeInIndex = 0; path = soccer5Tests.xctest; sourceTree = BUILT_PRODUCTS_DIR; };
		9ECC24A51CA46A3D00E68315 /* soccer5Tests.swift */ = {isa = PBXFileReference; lastKnownFileType = sourcecode.swift; path = soccer5Tests.swift; sourceTree = "<group>"; };
		9ECC24A71CA46A3D00E68315 /* Info.plist */ = {isa = PBXFileReference; lastKnownFileType = text.plist.xml; path = Info.plist; sourceTree = "<group>"; };
		9EE74D371CEE2E7B00F90DF9 /* SWRevealViewController.h */ = {isa = PBXFileReference; fileEncoding = 4; lastKnownFileType = sourcecode.c.h; name = SWRevealViewController.h; path = "../../../../Downloads/SWRevealViewController-master 4/SWRevealViewController/SWRevealViewController.h"; sourceTree = "<group>"; };
		9EE74D381CEE2E7B00F90DF9 /* SWRevealViewController.m */ = {isa = PBXFileReference; fileEncoding = 4; lastKnownFileType = sourcecode.c.objc; name = SWRevealViewController.m; path = "../../../../Downloads/SWRevealViewController-master 4/SWRevealViewController/SWRevealViewController.m"; sourceTree = "<group>"; };
		9EE74D3A1CEE347500F90DF9 /* Location.swift */ = {isa = PBXFileReference; fileEncoding = 4; lastKnownFileType = sourcecode.swift; path = Location.swift; sourceTree = "<group>"; };
		9EE74D3C1CEE39C500F90DF9 /* WSRegisterUser.swift */ = {isa = PBXFileReference; fileEncoding = 4; lastKnownFileType = sourcecode.swift; path = WSRegisterUser.swift; sourceTree = "<group>"; };
		9EE74D3E1CEE39D300F90DF9 /* WebService.swift */ = {isa = PBXFileReference; fileEncoding = 4; lastKnownFileType = sourcecode.swift; path = WebService.swift; sourceTree = "<group>"; };
		9EE74D431CEE53FB00F90DF9 /* GameViewController.swift */ = {isa = PBXFileReference; fileEncoding = 4; lastKnownFileType = sourcecode.swift; path = GameViewController.swift; sourceTree = "<group>"; };
		9EE74D461CEE6AAC00F90DF9 /* BaseNavigationController.swift */ = {isa = PBXFileReference; fileEncoding = 4; lastKnownFileType = sourcecode.swift; path = BaseNavigationController.swift; sourceTree = "<group>"; };
		9EE74D481CEE6ABE00F90DF9 /* GameNavigationController.swift */ = {isa = PBXFileReference; fileEncoding = 4; lastKnownFileType = sourcecode.swift; path = GameNavigationController.swift; sourceTree = "<group>"; };
		9EFB2A741CD0079200078467 /* MainReservationViewController.swift */ = {isa = PBXFileReference; fileEncoding = 4; lastKnownFileType = sourcecode.swift; path = MainReservationViewController.swift; sourceTree = "<group>"; };
		9EFCE4331CD158D900B9ACC1 /* Reservation.swift */ = {isa = PBXFileReference; fileEncoding = 4; lastKnownFileType = sourcecode.swift; path = Reservation.swift; sourceTree = "<group>"; };
		A85223EBE395F9BEB22A96F4 /* Pods-soccer5.release.xcconfig */ = {isa = PBXFileReference; includeInIndex = 1; lastKnownFileType = text.xcconfig; name = "Pods-soccer5.release.xcconfig"; path = "Pods/Target Support Files/Pods-soccer5/Pods-soccer5.release.xcconfig"; sourceTree = "<group>"; };
		ACF828E31CF3BE4600BC75BD /* AKPickerView-Swift */ = {isa = PBXFileReference; lastKnownFileType = folder; path = "AKPickerView-Swift"; sourceTree = "<group>"; };
		ACF828E51CF3BF2100BC75BD /* Pods.xcodeproj */ = {isa = PBXFileReference; lastKnownFileType = "wrapper.pb-project"; name = Pods.xcodeproj; path = Pods/Pods.xcodeproj; sourceTree = "<group>"; };
		ACF829851CF3C1C200BC75BD /* MyFriendsViewController.swift */ = {isa = PBXFileReference; fileEncoding = 4; lastKnownFileType = sourcecode.swift; path = MyFriendsViewController.swift; sourceTree = "<group>"; };
		ACF829891CF3C29D00BC75BD /* UserMenuTableViewController.swift */ = {isa = PBXFileReference; fileEncoding = 4; lastKnownFileType = sourcecode.swift; path = UserMenuTableViewController.swift; sourceTree = "<group>"; };
		E944D2D01A70D82315D4D3A7 /* Pods_soccer5Tests.framework */ = {isa = PBXFileReference; explicitFileType = wrapper.framework; includeInIndex = 0; path = Pods_soccer5Tests.framework; sourceTree = BUILT_PRODUCTS_DIR; };
		ECEBBC02D51218039D346810 /* Pods_soccer5.framework */ = {isa = PBXFileReference; explicitFileType = wrapper.framework; includeInIndex = 0; path = Pods_soccer5.framework; sourceTree = BUILT_PRODUCTS_DIR; };
/* End PBXFileReference section */

/* Begin PBXFrameworksBuildPhase section */
		9ECC24871CA46A3B00E68315 /* Frameworks */ = {
			isa = PBXFrameworksBuildPhase;
			buildActionMask = 2147483647;
			files = (
				6554D4097981621C5CBDE23F /* Pods_soccer5.framework in Frameworks */,
			);
			runOnlyForDeploymentPostprocessing = 0;
		};
		9ECC249E1CA46A3D00E68315 /* Frameworks */ = {
			isa = PBXFrameworksBuildPhase;
			buildActionMask = 2147483647;
			files = (
				90F1AB057E8E9CB96BB35478 /* Pods_soccer5Tests.framework in Frameworks */,
			);
			runOnlyForDeploymentPostprocessing = 0;
		};
/* End PBXFrameworksBuildPhase section */

/* Begin PBXGroup section */
		012CB3C9D10D788978723DCB /* Frameworks */ = {
			isa = PBXGroup;
			children = (
				ECEBBC02D51218039D346810 /* Pods_soccer5.framework */,
				E944D2D01A70D82315D4D3A7 /* Pods_soccer5Tests.framework */,
			);
			name = Frameworks;
			sourceTree = "<group>";
		};
		31D001A345947F1307455214 /* Pods */ = {
			isa = PBXGroup;
			children = (
				ACF828E51CF3BF2100BC75BD /* Pods.xcodeproj */,
				253F204B6DEF24DA61FA0183 /* Pods-soccer5.debug.xcconfig */,
				A85223EBE395F9BEB22A96F4 /* Pods-soccer5.release.xcconfig */,
				9BAA4D8510D64AC8A19ED967 /* Pods-soccer5Tests.debug.xcconfig */,
				59829A79586153E8E8043967 /* Pods-soccer5Tests.release.xcconfig */,
			);
			name = Pods;
			sourceTree = "<group>";
		};
		9E0E9B4B1CD29B5000F1F22D /* Locations */ = {
			isa = PBXGroup;
			children = (
				9E0E9B4C1CD29BB500F1F22D /* SoccerLocationsViewController.swift */,
				9E0E9B4E1CD2A05700F1F22D /* SoccerLocationTableViewCell.swift */,
			);
			name = Locations;
			sourceTree = "<group>";
		};
		9E0E9B501CD2C55300F1F22D /* User Menu */ = {
			isa = PBXGroup;
			children = (
				ACF829891CF3C29D00BC75BD /* UserMenuTableViewController.swift */,
				9E0E9B6E1CD8157700F1F22D /* MenuListTableViewCell.swift */,
				9E0E9B701CD81D4C00F1F22D /* UserProfileTableViewCell.swift */,
			);
			name = "User Menu";
			sourceTree = "<group>";
		};
		9E0E9B741CD901A800F1F22D /* SWRevealView */ = {
			isa = PBXGroup;
			children = (
				9EE74D371CEE2E7B00F90DF9 /* SWRevealViewController.h */,
				9EE74D381CEE2E7B00F90DF9 /* SWRevealViewController.m */,
				9E0E9B751CD901CE00F1F22D /* soccer5-Bridging-Header.h */,
			);
			name = SWRevealView;
			sourceTree = "<group>";
		};
		9E2BEC611CF7BE170031D0E3 /* Friends */ = {
			isa = PBXGroup;
			children = (
				9E2BEC761CF7BF7F0031D0E3 /* MyFriendsTableViewCell.swift */,
				ACF829851CF3C1C200BC75BD /* MyFriendsViewController.swift */,
			);
			name = Friends;
			sourceTree = "<group>";
		};
		9E3534AC1CEF90690098B0FF /* Views */ = {
			isa = PBXGroup;
			children = (
			);
			name = Views;
			sourceTree = "<group>";
		};
		9E465ABD1CF60890001DCA62 /* Message Center */ = {
			isa = PBXGroup;
			children = (
				9E2BEC331CF7822E0031D0E3 /* MessageCenterViewController.swift */,
				9E465AC01CF60D8D001DCA62 /* ChatRoomViewController.swift */,
				9E465ADD1CF64479001DCA62 /* ChatMessageTableViewCell.swift */,
				9E465ADF1CF653F1001DCA62 /* ConversationPreviewTableViewCell.swift */,
			);
			name = "Message Center";
			sourceTree = "<group>";
		};
		9E72E7931CDA6EEE001C6D29 /* Profile */ = {
			isa = PBXGroup;
			children = (
				9E5344451CDBC27C00D4CB88 /* ProfileViewController.swift */,
				9E72E7961CDA71AB001C6D29 /* PersonalInfoTableViewCell.swift */,
				9E72E7981CDA71C3001C6D29 /* AdditionalSettingsTableViewCell.swift */,
			);
			name = Profile;
			sourceTree = "<group>";
		};
		9E9862BE1CA980550075B016 /* Helpers */ = {
			isa = PBXGroup;
			children = (
				9E9862C51CA989860075B016 /* FacebookLoginHelper.swift */,
				9E9862C71CA989AD0075B016 /* FacebookSharingHelper.swift */,
				9E0E9B721CD820AA00F1F22D /* Extentions.swift */,
				9E39DC2D1CEFACEE007D7824 /* globals.swift */,
			);
			name = Helpers;
			sourceTree = "<group>";
		};
		9E9862BF1CA980630075B016 /* WebServices */ = {
			isa = PBXGroup;
			children = (
				9EE74D3C1CEE39C500F90DF9 /* WSRegisterUser.swift */,
				9EE74D3E1CEE39D300F90DF9 /* WebService.swift */,
				9E54F21F1CFCCBC9006BCE97 /* Firebase.swift */,
			);
			name = WebServices;
			sourceTree = "<group>";
		};
		9E9862C01CA9806C0075B016 /* Styles */ = {
			isa = PBXGroup;
			children = (
				9E0E9B741CD901A800F1F22D /* SWRevealView */,
			);
			name = Styles;
			sourceTree = "<group>";
		};
		9E9862C11CA980750075B016 /* Controllers */ = {
			isa = PBXGroup;
			children = (
				9E2BEC611CF7BE170031D0E3 /* Friends */,
				9E465ABD1CF60890001DCA62 /* Message Center */,
				9EE74D451CEE6A8100F90DF9 /* Navigation  */,
				9EB549BB1CE13A560067D461 /* Notifications */,
				9EB549AA1CE11F000067D461 /* Upcoming Games */,
				9E72E7931CDA6EEE001C6D29 /* Profile */,
				9E0E9B501CD2C55300F1F22D /* User Menu */,
				9E0E9B4B1CD29B5000F1F22D /* Locations */,
				9EB6A8211CC9650F00F67D0F /* Reservation */,
				9E9862D31CA9A4060075B016 /* Register */,
				9E9862CB1CA98A830075B016 /* Login */,
			);
			name = Controllers;
			sourceTree = "<group>";
		};
		9E9862C21CA9807D0075B016 /* Storyboards */ = {
			isa = PBXGroup;
			children = (
				9E3534AC1CEF90690098B0FF /* Views */,
				9E465AA31CF5FEDE001DCA62 /* Main.storyboard */,
				9ECC24991CA46A3C00E68315 /* LaunchScreen.storyboard */,
			);
			name = Storyboards;
			sourceTree = "<group>";
		};
		9E9862C31CA980910075B016 /* Configuration */ = {
			isa = PBXGroup;
			children = (
				9E9862C41CA9818A0075B016 /* Core Data */,
				9ECC249C1CA46A3C00E68315 /* Info.plist */,
				9E465AC21CF60F2C001DCA62 /* GoogleService-Info.plist */,
				9ECC248D1CA46A3C00E68315 /* AppDelegate.swift */,
			);
			name = Configuration;
			sourceTree = "<group>";
		};
		9E9862C41CA9818A0075B016 /* Core Data */ = {
			isa = PBXGroup;
			children = (
				9ECC24941CA46A3C00E68315 /* soccer5.xcdatamodeld */,
			);
			name = "Core Data";
			sourceTree = "<group>";
		};
		9E9862CB1CA98A830075B016 /* Login */ = {
			isa = PBXGroup;
			children = (
				9E9862CC1CA98AA40075B016 /* LoginViewController.swift */,
			);
			name = Login;
			sourceTree = "<group>";
		};
		9E9862CE1CA99E1C0075B016 /* Model */ = {
			isa = PBXGroup;
			children = (
				9E9862CF1CA99E520075B016 /* FacebookFriend.swift */,
				9E9862D11CA99E870075B016 /* UserInfo.swift */,
				9E9862C91CA989D10075B016 /* UserDefault.swift */,
				9EFCE4331CD158D900B9ACC1 /* Reservation.swift */,
				9EE74D3A1CEE347500F90DF9 /* Location.swift */,
			);
			name = Model;
			sourceTree = "<group>";
		};
		9E9862D31CA9A4060075B016 /* Register */ = {
			isa = PBXGroup;
			children = (
				9E9862D41CA9A4530075B016 /* RegisterViewController.swift */,
			);
			name = Register;
			sourceTree = "<group>";
		};
		9EB549AA1CE11F000067D461 /* Upcoming Games */ = {
			isa = PBXGroup;
			children = (
				9EE74D401CEE53D100F90DF9 /* Game */,
				9EB549AF1CE124FA0067D461 /* Game Details */,
				9EB549AB1CE11F2A0067D461 /* UpcomingGamesViewController.swift */,
				9EB549AD1CE11F750067D461 /* GameTableViewCell.swift */,
			);
			name = "Upcoming Games";
			sourceTree = "<group>";
		};
		9EB549AF1CE124FA0067D461 /* Game Details */ = {
			isa = PBXGroup;
			children = (
				9EB549B61CE137AB0067D461 /* Game Modifications */,
				9EB549B01CE125150067D461 /* GameDetailsViewController.swift */,
				9EB549B21CE1275B0067D461 /* GameDetailTableViewCell.swift */,
				9EB549B41CE12ED20067D461 /* PlayerCollectionViewCell.swift */,
			);
			name = "Game Details";
			sourceTree = "<group>";
		};
		9EB549B61CE137AB0067D461 /* Game Modifications */ = {
			isa = PBXGroup;
			children = (
				9EB549B71CE137D00067D461 /* GameModificationsViewController.swift */,
				9EB549B91CE1384B0067D461 /* ChangeDetailTableViewCell.swift */,
			);
			name = "Game Modifications";
			sourceTree = "<group>";
		};
		9EB549BB1CE13A560067D461 /* Notifications */ = {
			isa = PBXGroup;
			children = (
				9EB549BC1CE13A710067D461 /* NotificationsViewController.swift */,
				9EB549BE1CE13B110067D461 /* NotificationTableViewCell.swift */,
			);
			name = Notifications;
			sourceTree = "<group>";
		};
		9EB6A8211CC9650F00F67D0F /* Reservation */ = {
			isa = PBXGroup;
			children = (
				9EFB2A741CD0079200078467 /* MainReservationViewController.swift */,
				9E3534B31CEF937B0098B0FF /* FieldCollectionViewCell.swift */,
				9E39DC2F1CF39411007D7824 /* CustomFieldLayout.swift */,
			);
			name = Reservation;
			sourceTree = "<group>";
		};
		9ECC24811CA46A3B00E68315 = {
			isa = PBXGroup;
			children = (
				9ECC248C1CA46A3C00E68315 /* soccer5 */,
				9ECC24A41CA46A3D00E68315 /* soccer5Tests */,
				9ECC248B1CA46A3C00E68315 /* Products */,
				31D001A345947F1307455214 /* Pods */,
				012CB3C9D10D788978723DCB /* Frameworks */,
			);
			sourceTree = "<group>";
		};
		9ECC248B1CA46A3C00E68315 /* Products */ = {
			isa = PBXGroup;
			children = (
				9ECC248A1CA46A3C00E68315 /* soccer5.app */,
				9ECC24A11CA46A3D00E68315 /* soccer5Tests.xctest */,
			);
			name = Products;
			sourceTree = "<group>";
		};
		9ECC248C1CA46A3C00E68315 /* soccer5 */ = {
			isa = PBXGroup;
			children = (
				ACF828E31CF3BE4600BC75BD /* AKPickerView-Swift */,
				9E9862BF1CA980630075B016 /* WebServices */,
				9E9862BE1CA980550075B016 /* Helpers */,
				9E9862CE1CA99E1C0075B016 /* Model */,
				9E9862C31CA980910075B016 /* Configuration */,
				9E9862C21CA9807D0075B016 /* Storyboards */,
				9E9862C11CA980750075B016 /* Controllers */,
				9E9862C01CA9806C0075B016 /* Styles */,
				9ECC24971CA46A3C00E68315 /* Assets.xcassets */,
			);
			path = soccer5;
			sourceTree = "<group>";
		};
		9ECC24A41CA46A3D00E68315 /* soccer5Tests */ = {
			isa = PBXGroup;
			children = (
				9ECC24A51CA46A3D00E68315 /* soccer5Tests.swift */,
				9ECC24A71CA46A3D00E68315 /* Info.plist */,
			);
			path = soccer5Tests;
			sourceTree = "<group>";
		};
		9EE74D401CEE53D100F90DF9 /* Game */ = {
			isa = PBXGroup;
			children = (
				9EE74D431CEE53FB00F90DF9 /* GameViewController.swift */,
				9E3534AA1CEF87980098B0FF /* gamePlayerTableViewCell.swift */,
			);
			name = Game;
			sourceTree = "<group>";
		};
		9EE74D451CEE6A8100F90DF9 /* Navigation  */ = {
			isa = PBXGroup;
			children = (
				9EE74D461CEE6AAC00F90DF9 /* BaseNavigationController.swift */,
				9EE74D481CEE6ABE00F90DF9 /* GameNavigationController.swift */,
				9E465ABB1CF607E7001DCA62 /* MessageCenterNavigationController.swift */,
			);
			name = "Navigation ";
			sourceTree = "<group>";
		};
		9EFA3FD41CF4FF6400B39E95 /* Products */ = {
			isa = PBXGroup;
			children = (
				9EFA3FED1CF5024200B39E95 /* AKPickerView_Swift.framework */,
				9EFA3FEF1CF5024200B39E95 /* Alamofire.framework */,
				9EFA3FF11CF5024200B39E95 /* AlamofireImage.framework */,
				9EFA3FF31CF5024200B39E95 /* AWSCognito.framework */,
				9EFA3FF51CF5024200B39E95 /* AWSCore.framework */,
				9EFA3FF71CF5024200B39E95 /* AWSS3.framework */,
				9EFA3FF91CF5024200B39E95 /* Bolts.framework */,
				9EFA3FFB1CF5024200B39E95 /* ElasticTransition.framework */,
				9EFA3FFD1CF5024200B39E95 /* ENSwiftSideMenu.framework */,
				9EFA3FFF1CF5024200B39E95 /* FBSDKCoreKit.framework */,
				9EFA40011CF5024200B39E95 /* FBSDKLoginKit.framework */,
				9EFA40031CF5024200B39E95 /* FBSDKShareKit.framework */,
				9EFA40071CF5024200B39E95 /* IQKeyboardManagerSwift.framework */,
				9EFA40091CF5024200B39E95 /* Kingfisher.framework */,
				9EFA400B1CF5024200B39E95 /* KNSemiModalViewController_hons82.framework */,
				9EFA400D1CF5024200B39E95 /* MotionAnimation.framework */,
				9EFA400F1CF5024200B39E95 /* Pods_soccer5.framework */,
				9EC56CCF1CF778F0002FF335 /* Pods_soccer5Tests.framework */,
				9EFA40111CF5024200B39E95 /* SwiftyJSON.framework */,
				9EFA40131CF5024200B39E95 /* THCalendarDatePicker.framework */,
			);
			name = Products;
			sourceTree = "<group>";
		};
/* End PBXGroup section */

/* Begin PBXNativeTarget section */
		9ECC24891CA46A3B00E68315 /* soccer5 */ = {
			isa = PBXNativeTarget;
			buildConfigurationList = 9ECC24AA1CA46A3D00E68315 /* Build configuration list for PBXNativeTarget "soccer5" */;
			buildPhases = (
				E0F3BF73F9728DC8A0BBCB41 /* 📦 Check Pods Manifest.lock */,
				9ECC24861CA46A3B00E68315 /* Sources */,
				9ECC24871CA46A3B00E68315 /* Frameworks */,
				9ECC24881CA46A3B00E68315 /* Resources */,
				46880EE1895FE518D4E73B1D /* 📦 Embed Pods Frameworks */,
				D2A7E97BAE354460F743ED19 /* 📦 Copy Pods Resources */,
			);
			buildRules = (
			);
			dependencies = (
			);
			name = soccer5;
			productName = soccer5;
			productReference = 9ECC248A1CA46A3C00E68315 /* soccer5.app */;
			productType = "com.apple.product-type.application";
		};
		9ECC24A01CA46A3D00E68315 /* soccer5Tests */ = {
			isa = PBXNativeTarget;
			buildConfigurationList = 9ECC24AD1CA46A3D00E68315 /* Build configuration list for PBXNativeTarget "soccer5Tests" */;
			buildPhases = (
				672F2F5B0CC3B83379F10BAE /* 📦 Check Pods Manifest.lock */,
				9ECC249D1CA46A3D00E68315 /* Sources */,
				9ECC249E1CA46A3D00E68315 /* Frameworks */,
				9ECC249F1CA46A3D00E68315 /* Resources */,
				1D96F9FA6EF35124485DB44F /* 📦 Embed Pods Frameworks */,
				45554D9278A5450A6287AF64 /* 📦 Copy Pods Resources */,
			);
			buildRules = (
			);
			dependencies = (
				9ECC24A31CA46A3D00E68315 /* PBXTargetDependency */,
			);
			name = soccer5Tests;
			productName = soccer5Tests;
			productReference = 9ECC24A11CA46A3D00E68315 /* soccer5Tests.xctest */;
			productType = "com.apple.product-type.bundle.unit-test";
		};
/* End PBXNativeTarget section */

/* Begin PBXProject section */
		9ECC24821CA46A3B00E68315 /* Project object */ = {
			isa = PBXProject;
			attributes = {
				LastSwiftUpdateCheck = 0730;
				LastUpgradeCheck = 0720;
				ORGANIZATIONNAME = Dvlper;
				TargetAttributes = {
					9ECC24891CA46A3B00E68315 = {
						CreatedOnToolsVersion = 7.2.1;
						DevelopmentTeam = 8NL99R24EE;
					};
					9ECC24A01CA46A3D00E68315 = {
						CreatedOnToolsVersion = 7.2.1;
						DevelopmentTeam = GAX93KNMU9;
						TestTargetID = 9ECC24891CA46A3B00E68315;
					};
				};
			};
			buildConfigurationList = 9ECC24851CA46A3B00E68315 /* Build configuration list for PBXProject "soccer5" */;
			compatibilityVersion = "Xcode 3.2";
			developmentRegion = English;
			hasScannedForEncodings = 0;
			knownRegions = (
				en,
				Base,
			);
			mainGroup = 9ECC24811CA46A3B00E68315;
			productRefGroup = 9ECC248B1CA46A3C00E68315 /* Products */;
			projectDirPath = "";
			projectReferences = (
				{
					ProductGroup = 9EFA3FD41CF4FF6400B39E95 /* Products */;
					ProjectRef = ACF828E51CF3BF2100BC75BD /* Pods.xcodeproj */;
				},
			);
			projectRoot = "";
			targets = (
				9ECC24891CA46A3B00E68315 /* soccer5 */,
				9ECC24A01CA46A3D00E68315 /* soccer5Tests */,
			);
		};
/* End PBXProject section */

/* Begin PBXReferenceProxy section */
		9EC56CCF1CF778F0002FF335 /* Pods_soccer5Tests.framework */ = {
			isa = PBXReferenceProxy;
			fileType = wrapper.framework;
			path = Pods_soccer5Tests.framework;
			remoteRef = 9EC56CCE1CF778F0002FF335 /* PBXContainerItemProxy */;
			sourceTree = BUILT_PRODUCTS_DIR;
		};
		9EFA3FED1CF5024200B39E95 /* AKPickerView_Swift.framework */ = {
			isa = PBXReferenceProxy;
			fileType = wrapper.framework;
			path = AKPickerView_Swift.framework;
			remoteRef = 9EFA3FEC1CF5024200B39E95 /* PBXContainerItemProxy */;
			sourceTree = BUILT_PRODUCTS_DIR;
		};
		9EFA3FEF1CF5024200B39E95 /* Alamofire.framework */ = {
			isa = PBXReferenceProxy;
			fileType = wrapper.framework;
			path = Alamofire.framework;
			remoteRef = 9EFA3FEE1CF5024200B39E95 /* PBXContainerItemProxy */;
			sourceTree = BUILT_PRODUCTS_DIR;
		};
		9EFA3FF11CF5024200B39E95 /* AlamofireImage.framework */ = {
			isa = PBXReferenceProxy;
			fileType = wrapper.framework;
			path = AlamofireImage.framework;
			remoteRef = 9EFA3FF01CF5024200B39E95 /* PBXContainerItemProxy */;
			sourceTree = BUILT_PRODUCTS_DIR;
		};
		9EFA3FF31CF5024200B39E95 /* AWSCognito.framework */ = {
			isa = PBXReferenceProxy;
			fileType = wrapper.framework;
			path = AWSCognito.framework;
			remoteRef = 9EFA3FF21CF5024200B39E95 /* PBXContainerItemProxy */;
			sourceTree = BUILT_PRODUCTS_DIR;
		};
		9EFA3FF51CF5024200B39E95 /* AWSCore.framework */ = {
			isa = PBXReferenceProxy;
			fileType = wrapper.framework;
			path = AWSCore.framework;
			remoteRef = 9EFA3FF41CF5024200B39E95 /* PBXContainerItemProxy */;
			sourceTree = BUILT_PRODUCTS_DIR;
		};
		9EFA3FF71CF5024200B39E95 /* AWSS3.framework */ = {
			isa = PBXReferenceProxy;
			fileType = wrapper.framework;
			path = AWSS3.framework;
			remoteRef = 9EFA3FF61CF5024200B39E95 /* PBXContainerItemProxy */;
			sourceTree = BUILT_PRODUCTS_DIR;
		};
		9EFA3FF91CF5024200B39E95 /* Bolts.framework */ = {
			isa = PBXReferenceProxy;
			fileType = wrapper.framework;
			path = Bolts.framework;
			remoteRef = 9EFA3FF81CF5024200B39E95 /* PBXContainerItemProxy */;
			sourceTree = BUILT_PRODUCTS_DIR;
		};
		9EFA3FFB1CF5024200B39E95 /* ElasticTransition.framework */ = {
			isa = PBXReferenceProxy;
			fileType = wrapper.framework;
			path = ElasticTransition.framework;
			remoteRef = 9EFA3FFA1CF5024200B39E95 /* PBXContainerItemProxy */;
			sourceTree = BUILT_PRODUCTS_DIR;
		};
		9EFA3FFD1CF5024200B39E95 /* ENSwiftSideMenu.framework */ = {
			isa = PBXReferenceProxy;
			fileType = wrapper.framework;
			path = ENSwiftSideMenu.framework;
			remoteRef = 9EFA3FFC1CF5024200B39E95 /* PBXContainerItemProxy */;
			sourceTree = BUILT_PRODUCTS_DIR;
		};
		9EFA3FFF1CF5024200B39E95 /* FBSDKCoreKit.framework */ = {
			isa = PBXReferenceProxy;
			fileType = wrapper.framework;
			path = FBSDKCoreKit.framework;
			remoteRef = 9EFA3FFE1CF5024200B39E95 /* PBXContainerItemProxy */;
			sourceTree = BUILT_PRODUCTS_DIR;
		};
		9EFA40011CF5024200B39E95 /* FBSDKLoginKit.framework */ = {
			isa = PBXReferenceProxy;
			fileType = wrapper.framework;
			path = FBSDKLoginKit.framework;
			remoteRef = 9EFA40001CF5024200B39E95 /* PBXContainerItemProxy */;
			sourceTree = BUILT_PRODUCTS_DIR;
		};
		9EFA40031CF5024200B39E95 /* FBSDKShareKit.framework */ = {
			isa = PBXReferenceProxy;
			fileType = wrapper.framework;
			path = FBSDKShareKit.framework;
			remoteRef = 9EFA40021CF5024200B39E95 /* PBXContainerItemProxy */;
			sourceTree = BUILT_PRODUCTS_DIR;
		};
		9EFA40071CF5024200B39E95 /* IQKeyboardManagerSwift.framework */ = {
			isa = PBXReferenceProxy;
			fileType = wrapper.framework;
			path = IQKeyboardManagerSwift.framework;
			remoteRef = 9EFA40061CF5024200B39E95 /* PBXContainerItemProxy */;
			sourceTree = BUILT_PRODUCTS_DIR;
		};
		9EFA40091CF5024200B39E95 /* Kingfisher.framework */ = {
			isa = PBXReferenceProxy;
			fileType = wrapper.framework;
			path = Kingfisher.framework;
			remoteRef = 9EFA40081CF5024200B39E95 /* PBXContainerItemProxy */;
			sourceTree = BUILT_PRODUCTS_DIR;
		};
		9EFA400B1CF5024200B39E95 /* KNSemiModalViewController_hons82.framework */ = {
			isa = PBXReferenceProxy;
			fileType = wrapper.framework;
			path = KNSemiModalViewController_hons82.framework;
			remoteRef = 9EFA400A1CF5024200B39E95 /* PBXContainerItemProxy */;
			sourceTree = BUILT_PRODUCTS_DIR;
		};
		9EFA400D1CF5024200B39E95 /* MotionAnimation.framework */ = {
			isa = PBXReferenceProxy;
			fileType = wrapper.framework;
			path = MotionAnimation.framework;
			remoteRef = 9EFA400C1CF5024200B39E95 /* PBXContainerItemProxy */;
			sourceTree = BUILT_PRODUCTS_DIR;
		};
		9EFA400F1CF5024200B39E95 /* Pods_soccer5.framework */ = {
			isa = PBXReferenceProxy;
			fileType = wrapper.framework;
			path = Pods_soccer5.framework;
			remoteRef = 9EFA400E1CF5024200B39E95 /* PBXContainerItemProxy */;
			sourceTree = BUILT_PRODUCTS_DIR;
		};
		9EFA40111CF5024200B39E95 /* SwiftyJSON.framework */ = {
			isa = PBXReferenceProxy;
			fileType = wrapper.framework;
			path = SwiftyJSON.framework;
			remoteRef = 9EFA40101CF5024200B39E95 /* PBXContainerItemProxy */;
			sourceTree = BUILT_PRODUCTS_DIR;
		};
		9EFA40131CF5024200B39E95 /* THCalendarDatePicker.framework */ = {
			isa = PBXReferenceProxy;
			fileType = wrapper.framework;
			path = THCalendarDatePicker.framework;
			remoteRef = 9EFA40121CF5024200B39E95 /* PBXContainerItemProxy */;
			sourceTree = BUILT_PRODUCTS_DIR;
		};
/* End PBXReferenceProxy section */

/* Begin PBXResourcesBuildPhase section */
		9ECC24881CA46A3B00E68315 /* Resources */ = {
			isa = PBXResourcesBuildPhase;
			buildActionMask = 2147483647;
			files = (
				9E465AC31CF60F2C001DCA62 /* GoogleService-Info.plist in Resources */,
				9ECC249B1CA46A3C00E68315 /* LaunchScreen.storyboard in Resources */,
				ACF828E41CF3BE4600BC75BD /* AKPickerView-Swift in Resources */,
				9ECC24981CA46A3C00E68315 /* Assets.xcassets in Resources */,
				9E465AA41CF5FEDE001DCA62 /* Main.storyboard in Resources */,
			);
			runOnlyForDeploymentPostprocessing = 0;
		};
		9ECC249F1CA46A3D00E68315 /* Resources */ = {
			isa = PBXResourcesBuildPhase;
			buildActionMask = 2147483647;
			files = (
			);
			runOnlyForDeploymentPostprocessing = 0;
		};
/* End PBXResourcesBuildPhase section */

/* Begin PBXShellScriptBuildPhase section */
		1D96F9FA6EF35124485DB44F /* 📦 Embed Pods Frameworks */ = {
			isa = PBXShellScriptBuildPhase;
			buildActionMask = 2147483647;
			files = (
			);
			inputPaths = (
			);
			name = "📦 Embed Pods Frameworks";
			outputPaths = (
			);
			runOnlyForDeploymentPostprocessing = 0;
			shellPath = /bin/sh;
			shellScript = "\"${SRCROOT}/Pods/Target Support Files/Pods-soccer5Tests/Pods-soccer5Tests-frameworks.sh\"\n";
			showEnvVarsInLog = 0;
		};
		45554D9278A5450A6287AF64 /* 📦 Copy Pods Resources */ = {
			isa = PBXShellScriptBuildPhase;
			buildActionMask = 2147483647;
			files = (
			);
			inputPaths = (
			);
			name = "📦 Copy Pods Resources";
			outputPaths = (
			);
			runOnlyForDeploymentPostprocessing = 0;
			shellPath = /bin/sh;
			shellScript = "\"${SRCROOT}/Pods/Target Support Files/Pods-soccer5Tests/Pods-soccer5Tests-resources.sh\"\n";
			showEnvVarsInLog = 0;
		};
		46880EE1895FE518D4E73B1D /* 📦 Embed Pods Frameworks */ = {
			isa = PBXShellScriptBuildPhase;
			buildActionMask = 2147483647;
			files = (
			);
			inputPaths = (
			);
			name = "📦 Embed Pods Frameworks";
			outputPaths = (
			);
			runOnlyForDeploymentPostprocessing = 0;
			shellPath = /bin/sh;
			shellScript = "\"${SRCROOT}/Pods/Target Support Files/Pods-soccer5/Pods-soccer5-frameworks.sh\"\n";
			showEnvVarsInLog = 0;
		};
		672F2F5B0CC3B83379F10BAE /* 📦 Check Pods Manifest.lock */ = {
			isa = PBXShellScriptBuildPhase;
			buildActionMask = 2147483647;
			files = (
			);
			inputPaths = (
			);
			name = "📦 Check Pods Manifest.lock";
			outputPaths = (
			);
			runOnlyForDeploymentPostprocessing = 0;
			shellPath = /bin/sh;
			shellScript = "diff \"${PODS_ROOT}/../Podfile.lock\" \"${PODS_ROOT}/Manifest.lock\" > /dev/null\nif [[ $? != 0 ]] ; then\n    cat << EOM\nerror: The sandbox is not in sync with the Podfile.lock. Run 'pod install' or update your CocoaPods installation.\nEOM\n    exit 1\nfi\n";
			showEnvVarsInLog = 0;
		};
		D2A7E97BAE354460F743ED19 /* 📦 Copy Pods Resources */ = {
			isa = PBXShellScriptBuildPhase;
			buildActionMask = 2147483647;
			files = (
			);
			inputPaths = (
			);
			name = "📦 Copy Pods Resources";
			outputPaths = (
			);
			runOnlyForDeploymentPostprocessing = 0;
			shellPath = /bin/sh;
			shellScript = "\"${SRCROOT}/Pods/Target Support Files/Pods-soccer5/Pods-soccer5-resources.sh\"\n";
			showEnvVarsInLog = 0;
		};
		E0F3BF73F9728DC8A0BBCB41 /* 📦 Check Pods Manifest.lock */ = {
			isa = PBXShellScriptBuildPhase;
			buildActionMask = 2147483647;
			files = (
			);
			inputPaths = (
			);
			name = "📦 Check Pods Manifest.lock";
			outputPaths = (
			);
			runOnlyForDeploymentPostprocessing = 0;
			shellPath = /bin/sh;
			shellScript = "diff \"${PODS_ROOT}/../Podfile.lock\" \"${PODS_ROOT}/Manifest.lock\" > /dev/null\nif [[ $? != 0 ]] ; then\n    cat << EOM\nerror: The sandbox is not in sync with the Podfile.lock. Run 'pod install' or update your CocoaPods installation.\nEOM\n    exit 1\nfi\n";
			showEnvVarsInLog = 0;
		};
/* End PBXShellScriptBuildPhase section */

/* Begin PBXSourcesBuildPhase section */
		9ECC24861CA46A3B00E68315 /* Sources */ = {
			isa = PBXSourcesBuildPhase;
			buildActionMask = 2147483647;
			files = (
				9EE74D3F1CEE39D300F90DF9 /* WebService.swift in Sources */,
				9EFB2A751CD0079300078467 /* MainReservationViewController.swift in Sources */,
				9EB549B11CE125150067D461 /* GameDetailsViewController.swift in Sources */,
				9E72E7971CDA71AB001C6D29 /* PersonalInfoTableViewCell.swift in Sources */,
				9EB549AE1CE11F750067D461 /* GameTableViewCell.swift in Sources */,
				9EB549AC1CE11F2A0067D461 /* UpcomingGamesViewController.swift in Sources */,
				9EE74D441CEE53FB00F90DF9 /* GameViewController.swift in Sources */,
				9E465AE01CF653F1001DCA62 /* ConversationPreviewTableViewCell.swift in Sources */,
				9E39DC301CF39411007D7824 /* CustomFieldLayout.swift in Sources */,
				9E465ABC1CF607E7001DCA62 /* MessageCenterNavigationController.swift in Sources */,
				9EE74D491CEE6ABE00F90DF9 /* GameNavigationController.swift in Sources */,
				9E54F2201CFCCBC9006BCE97 /* Firebase.swift in Sources */,
				9E2BEC341CF7822E0031D0E3 /* MessageCenterViewController.swift in Sources */,
				9E72E7991CDA71C3001C6D29 /* AdditionalSettingsTableViewCell.swift in Sources */,
				9EE74D471CEE6AAC00F90DF9 /* BaseNavigationController.swift in Sources */,
				9EB549BF1CE13B110067D461 /* NotificationTableViewCell.swift in Sources */,
				9EB549BA1CE1384B0067D461 /* ChangeDetailTableViewCell.swift in Sources */,
				9EB549B81CE137D00067D461 /* GameModificationsViewController.swift in Sources */,
				9E9862CD1CA98AA40075B016 /* LoginViewController.swift in Sources */,
				9E2BEC771CF7BF7F0031D0E3 /* MyFriendsTableViewCell.swift in Sources */,
				9EFCE4341CD158DA00B9ACC1 /* Reservation.swift in Sources */,
				9E0E9B4F1CD2A05700F1F22D /* SoccerLocationTableViewCell.swift in Sources */,
				9E3534B41CEF937B0098B0FF /* FieldCollectionViewCell.swift in Sources */,
				9E5344461CDBC27D00D4CB88 /* ProfileViewController.swift in Sources */,
				9EB549B51CE12ED20067D461 /* PlayerCollectionViewCell.swift in Sources */,
				9E9862D01CA99E530075B016 /* FacebookFriend.swift in Sources */,
				9ECC24961CA46A3C00E68315 /* soccer5.xcdatamodeld in Sources */,
				9E9862D51CA9A4530075B016 /* RegisterViewController.swift in Sources */,
				9E0E9B731CD820AA00F1F22D /* Extentions.swift in Sources */,
				9E9862CA1CA989D10075B016 /* UserDefault.swift in Sources */,
				ACF8298A1CF3C29D00BC75BD /* UserMenuTableViewController.swift in Sources */,
				9E9862C81CA989AD0075B016 /* FacebookSharingHelper.swift in Sources */,
				ACF829861CF3C1C200BC75BD /* MyFriendsViewController.swift in Sources */,
				9E465ADE1CF64479001DCA62 /* ChatMessageTableViewCell.swift in Sources */,
				9E0E9B4D1CD29BB500F1F22D /* SoccerLocationsViewController.swift in Sources */,
				9ECC248E1CA46A3C00E68315 /* AppDelegate.swift in Sources */,
				9EE74D391CEE2E7B00F90DF9 /* SWRevealViewController.m in Sources */,
				9EB549B31CE1275B0067D461 /* GameDetailTableViewCell.swift in Sources */,
				9E0E9B711CD81D4C00F1F22D /* UserProfileTableViewCell.swift in Sources */,
				9E39DC2E1CEFACEE007D7824 /* globals.swift in Sources */,
				9E0E9B6F1CD8157700F1F22D /* MenuListTableViewCell.swift in Sources */,
				9EB549BD1CE13A710067D461 /* NotificationsViewController.swift in Sources */,
				9EE74D3B1CEE347500F90DF9 /* Location.swift in Sources */,
				9E3534AB1CEF87980098B0FF /* gamePlayerTableViewCell.swift in Sources */,
				9EE74D3D1CEE39C500F90DF9 /* WSRegisterUser.swift in Sources */,
				9E9862D21CA99E870075B016 /* UserInfo.swift in Sources */,
				9E9862C61CA989860075B016 /* FacebookLoginHelper.swift in Sources */,
				9E465AC11CF60D8D001DCA62 /* ChatRoomViewController.swift in Sources */,
			);
			runOnlyForDeploymentPostprocessing = 0;
		};
		9ECC249D1CA46A3D00E68315 /* Sources */ = {
			isa = PBXSourcesBuildPhase;
			buildActionMask = 2147483647;
			files = (
				9ECC24A61CA46A3D00E68315 /* soccer5Tests.swift in Sources */,
			);
			runOnlyForDeploymentPostprocessing = 0;
		};
/* End PBXSourcesBuildPhase section */

/* Begin PBXTargetDependency section */
		9ECC24A31CA46A3D00E68315 /* PBXTargetDependency */ = {
			isa = PBXTargetDependency;
			target = 9ECC24891CA46A3B00E68315 /* soccer5 */;
			targetProxy = 9ECC24A21CA46A3D00E68315 /* PBXContainerItemProxy */;
		};
/* End PBXTargetDependency section */

/* Begin PBXVariantGroup section */
		9ECC24991CA46A3C00E68315 /* LaunchScreen.storyboard */ = {
			isa = PBXVariantGroup;
			children = (
				9ECC249A1CA46A3C00E68315 /* Base */,
			);
			name = LaunchScreen.storyboard;
			sourceTree = "<group>";
		};
/* End PBXVariantGroup section */

/* Begin XCBuildConfiguration section */
		9ECC24A81CA46A3D00E68315 /* Debug */ = {
			isa = XCBuildConfiguration;
			buildSettings = {
				ALWAYS_SEARCH_USER_PATHS = NO;
				CLANG_CXX_LANGUAGE_STANDARD = "gnu++0x";
				CLANG_CXX_LIBRARY = "libc++";
				CLANG_ENABLE_MODULES = YES;
				CLANG_ENABLE_OBJC_ARC = YES;
				CLANG_WARN_BOOL_CONVERSION = YES;
				CLANG_WARN_CONSTANT_CONVERSION = YES;
				CLANG_WARN_DIRECT_OBJC_ISA_USAGE = YES_ERROR;
				CLANG_WARN_EMPTY_BODY = YES;
				CLANG_WARN_ENUM_CONVERSION = YES;
				CLANG_WARN_INT_CONVERSION = YES;
				CLANG_WARN_OBJC_ROOT_CLASS = YES_ERROR;
				CLANG_WARN_UNREACHABLE_CODE = YES;
				CLANG_WARN__DUPLICATE_METHOD_MATCH = YES;
				"CODE_SIGN_IDENTITY[sdk=iphoneos*]" = "iPhone Developer";
				COPY_PHASE_STRIP = NO;
				DEBUG_INFORMATION_FORMAT = dwarf;
				ENABLE_STRICT_OBJC_MSGSEND = YES;
				ENABLE_TESTABILITY = YES;
				GCC_C_LANGUAGE_STANDARD = gnu99;
				GCC_DYNAMIC_NO_PIC = NO;
				GCC_NO_COMMON_BLOCKS = YES;
				GCC_OPTIMIZATION_LEVEL = 0;
				GCC_PREPROCESSOR_DEFINITIONS = (
					"DEBUG=1",
					"$(inherited)",
				);
				GCC_WARN_64_TO_32_BIT_CONVERSION = YES;
				GCC_WARN_ABOUT_RETURN_TYPE = YES_ERROR;
				GCC_WARN_UNDECLARED_SELECTOR = YES;
				GCC_WARN_UNINITIALIZED_AUTOS = YES_AGGRESSIVE;
				GCC_WARN_UNUSED_FUNCTION = YES;
				GCC_WARN_UNUSED_VARIABLE = YES;
				IPHONEOS_DEPLOYMENT_TARGET = 9.2;
				MTL_ENABLE_DEBUG_INFO = YES;
				ONLY_ACTIVE_ARCH = YES;
				SDKROOT = iphoneos;
				SWIFT_OPTIMIZATION_LEVEL = "-Onone";
			};
			name = Debug;
		};
		9ECC24A91CA46A3D00E68315 /* Release */ = {
			isa = XCBuildConfiguration;
			buildSettings = {
				ALWAYS_SEARCH_USER_PATHS = NO;
				CLANG_CXX_LANGUAGE_STANDARD = "gnu++0x";
				CLANG_CXX_LIBRARY = "libc++";
				CLANG_ENABLE_MODULES = YES;
				CLANG_ENABLE_OBJC_ARC = YES;
				CLANG_WARN_BOOL_CONVERSION = YES;
				CLANG_WARN_CONSTANT_CONVERSION = YES;
				CLANG_WARN_DIRECT_OBJC_ISA_USAGE = YES_ERROR;
				CLANG_WARN_EMPTY_BODY = YES;
				CLANG_WARN_ENUM_CONVERSION = YES;
				CLANG_WARN_INT_CONVERSION = YES;
				CLANG_WARN_OBJC_ROOT_CLASS = YES_ERROR;
				CLANG_WARN_UNREACHABLE_CODE = YES;
				CLANG_WARN__DUPLICATE_METHOD_MATCH = YES;
				"CODE_SIGN_IDENTITY[sdk=iphoneos*]" = "iPhone Developer";
				COPY_PHASE_STRIP = NO;
				DEBUG_INFORMATION_FORMAT = "dwarf-with-dsym";
				ENABLE_NS_ASSERTIONS = NO;
				ENABLE_STRICT_OBJC_MSGSEND = YES;
				GCC_C_LANGUAGE_STANDARD = gnu99;
				GCC_NO_COMMON_BLOCKS = YES;
				GCC_WARN_64_TO_32_BIT_CONVERSION = YES;
				GCC_WARN_ABOUT_RETURN_TYPE = YES_ERROR;
				GCC_WARN_UNDECLARED_SELECTOR = YES;
				GCC_WARN_UNINITIALIZED_AUTOS = YES_AGGRESSIVE;
				GCC_WARN_UNUSED_FUNCTION = YES;
				GCC_WARN_UNUSED_VARIABLE = YES;
				IPHONEOS_DEPLOYMENT_TARGET = 9.2;
				MTL_ENABLE_DEBUG_INFO = NO;
				SDKROOT = iphoneos;
				VALIDATE_PRODUCT = YES;
			};
			name = Release;
		};
		9ECC24AB1CA46A3D00E68315 /* Debug */ = {
			isa = XCBuildConfiguration;
			baseConfigurationReference = 253F204B6DEF24DA61FA0183 /* Pods-soccer5.debug.xcconfig */;
			buildSettings = {
				ASSETCATALOG_COMPILER_APPICON_NAME = AppIcon;
				CLANG_ENABLE_MODULES = YES;
				CODE_SIGN_IDENTITY = "iPhone Developer";
				"CODE_SIGN_IDENTITY[sdk=iphoneos*]" = "iPhone Developer";
				INFOPLIST_FILE = soccer5/Info.plist;
				IPHONEOS_DEPLOYMENT_TARGET = 8.0;
				LD_RUNPATH_SEARCH_PATHS = "$(inherited) @executable_path/Frameworks";
				PRODUCT_BUNDLE_IDENTIFIER = Dvlper.soccer5;
				PRODUCT_NAME = "$(TARGET_NAME)";
				PROVISIONING_PROFILE = "";
				SWIFT_OBJC_BRIDGING_HEADER = "soccer5/soccer5-Bridging-Header.h";
				SWIFT_OPTIMIZATION_LEVEL = "-Onone";
			};
			name = Debug;
		};
		9ECC24AC1CA46A3D00E68315 /* Release */ = {
			isa = XCBuildConfiguration;
			baseConfigurationReference = A85223EBE395F9BEB22A96F4 /* Pods-soccer5.release.xcconfig */;
			buildSettings = {
				ASSETCATALOG_COMPILER_APPICON_NAME = AppIcon;
				CLANG_ENABLE_MODULES = YES;
				CODE_SIGN_IDENTITY = "iPhone Developer";
				"CODE_SIGN_IDENTITY[sdk=iphoneos*]" = "iPhone Developer";
				INFOPLIST_FILE = soccer5/Info.plist;
				IPHONEOS_DEPLOYMENT_TARGET = 8.0;
				LD_RUNPATH_SEARCH_PATHS = "$(inherited) @executable_path/Frameworks";
				PRODUCT_BUNDLE_IDENTIFIER = Dvlper.soccer5;
				PRODUCT_NAME = "$(TARGET_NAME)";
				PROVISIONING_PROFILE = "";
				SWIFT_OBJC_BRIDGING_HEADER = "soccer5/soccer5-Bridging-Header.h";
			};
			name = Release;
		};
		9ECC24AE1CA46A3D00E68315 /* Debug */ = {
			isa = XCBuildConfiguration;
			baseConfigurationReference = 9BAA4D8510D64AC8A19ED967 /* Pods-soccer5Tests.debug.xcconfig */;
			buildSettings = {
				BUNDLE_LOADER = "$(TEST_HOST)";
				INFOPLIST_FILE = soccer5Tests/Info.plist;
				LD_RUNPATH_SEARCH_PATHS = "$(inherited) @executable_path/Frameworks @loader_path/Frameworks";
				PRODUCT_BUNDLE_IDENTIFIER = Dvlper.soccer5Tests;
				PRODUCT_NAME = "$(TARGET_NAME)";
				TEST_HOST = "$(BUILT_PRODUCTS_DIR)/soccer5.app/soccer5";
			};
			name = Debug;
		};
		9ECC24AF1CA46A3D00E68315 /* Release */ = {
			isa = XCBuildConfiguration;
			baseConfigurationReference = 59829A79586153E8E8043967 /* Pods-soccer5Tests.release.xcconfig */;
			buildSettings = {
				BUNDLE_LOADER = "$(TEST_HOST)";
				INFOPLIST_FILE = soccer5Tests/Info.plist;
				LD_RUNPATH_SEARCH_PATHS = "$(inherited) @executable_path/Frameworks @loader_path/Frameworks";
				PRODUCT_BUNDLE_IDENTIFIER = Dvlper.soccer5Tests;
				PRODUCT_NAME = "$(TARGET_NAME)";
				TEST_HOST = "$(BUILT_PRODUCTS_DIR)/soccer5.app/soccer5";
			};
			name = Release;
		};
/* End XCBuildConfiguration section */

/* Begin XCConfigurationList section */
		9ECC24851CA46A3B00E68315 /* Build configuration list for PBXProject "soccer5" */ = {
			isa = XCConfigurationList;
			buildConfigurations = (
				9ECC24A81CA46A3D00E68315 /* Debug */,
				9ECC24A91CA46A3D00E68315 /* Release */,
			);
			defaultConfigurationIsVisible = 0;
			defaultConfigurationName = Release;
		};
		9ECC24AA1CA46A3D00E68315 /* Build configuration list for PBXNativeTarget "soccer5" */ = {
			isa = XCConfigurationList;
			buildConfigurations = (
				9ECC24AB1CA46A3D00E68315 /* Debug */,
				9ECC24AC1CA46A3D00E68315 /* Release */,
			);
			defaultConfigurationIsVisible = 0;
			defaultConfigurationName = Release;
		};
		9ECC24AD1CA46A3D00E68315 /* Build configuration list for PBXNativeTarget "soccer5Tests" */ = {
			isa = XCConfigurationList;
			buildConfigurations = (
				9ECC24AE1CA46A3D00E68315 /* Debug */,
				9ECC24AF1CA46A3D00E68315 /* Release */,
			);
			defaultConfigurationIsVisible = 0;
			defaultConfigurationName = Release;
		};
/* End XCConfigurationList section */

/* Begin XCVersionGroup section */
		9ECC24941CA46A3C00E68315 /* soccer5.xcdatamodeld */ = {
			isa = XCVersionGroup;
			children = (
				9ECC24951CA46A3C00E68315 /* soccer5.xcdatamodel */,
			);
			currentVersion = 9ECC24951CA46A3C00E68315 /* soccer5.xcdatamodel */;
			path = soccer5.xcdatamodeld;
			sourceTree = "<group>";
			versionGroupType = wrapper.xcdatamodel;
		};
/* End XCVersionGroup section */
	};
	rootObject = 9ECC24821CA46A3B00E68315 /* Project object */;
}
